
Microsoft Visual Studio Solution File, Format Version 12.00
# Visual Studio Version 17
VisualStudioVersion = 17.3.32901.215
MinimumVisualStudioVersion = 10.0.40219.1
Project("{FAE04EC0-301F-11D3-BF4B-00C04F79EFBC}") = "menu ornek", "menu ornek\menu ornek.csproj", "{370C9114-0C3A-495C-96D0-D3433D6E9628}"
EndProject
Global
	GlobalSection(SolutionConfigurationPlatforms) = preSolution
		Debug|Any CPU = Debug|Any CPU
		Release|Any CPU = Release|Any CPU
	EndGlobalSection
	GlobalSection(ProjectConfigurationPlatforms) = postSolution
		{370C9114-0C3A-495C-96D0-D3433D6E9628}.Debug|Any CPU.ActiveCfg = Debug|Any CPU
		{370C9114-0C3A-495C-96D0-D3433D6E9628}.Debug|Any CPU.Build.0 = Debug|Any CPU
		{370C9114-0C3A-495C-96D0-D3433D6E9628}.Release|Any CPU.ActiveCfg = Release|Any CPU
		{370C9114-0C3A-495C-96D0-D3433D6E9628}.Release|Any CPU.Build.0 = Release|Any CPU
	EndGlobalSection
	GlobalSection(SolutionProperties) = preSolution
		HideSolutionNode = FALSE
	EndGlobalSection
	GlobalSection(ExtensibilityGlobals) = postSolution
		SolutionGuid = {407F64E9-EADD-4734-A16E-433DFEDFA55A}
	EndGlobalSection
EndGlobal
